// !$*UTF8*$!
{
	archiveVersion = 1;
	classes = {
	};
	objectVersion = 48;
	objects = {

/* Begin PBXBuildFile section */
		794744CFEBE6FC0F446A43AB /* Pods_parsetagramUITests.framework in Frameworks */ = {isa = PBXBuildFile; fileRef = 595C7EE0AFFB3BBEB30953CE /* Pods_parsetagramUITests.framework */; };
		B808D5AE203D220500E8B485 /* LoginViewController.swift in Sources */ = {isa = PBXBuildFile; fileRef = B808D5AD203D220500E8B485 /* LoginViewController.swift */; };
		B882507F2084198900D8CA57 /* DetailsViewController.swift in Sources */ = {isa = PBXBuildFile; fileRef = B882507E2084198900D8CA57 /* DetailsViewController.swift */; };
		B8CD4EE22032620F0033D27E /* AppDelegate.swift in Sources */ = {isa = PBXBuildFile; fileRef = B8CD4EE12032620F0033D27E /* AppDelegate.swift */; };
		B8CD4EE72032620F0033D27E /* Main.storyboard in Resources */ = {isa = PBXBuildFile; fileRef = B8CD4EE52032620F0033D27E /* Main.storyboard */; };
		B8CD4EE92032620F0033D27E /* Assets.xcassets in Resources */ = {isa = PBXBuildFile; fileRef = B8CD4EE82032620F0033D27E /* Assets.xcassets */; };
		B8CD4EEC2032620F0033D27E /* LaunchScreen.storyboard in Resources */ = {isa = PBXBuildFile; fileRef = B8CD4EEA2032620F0033D27E /* LaunchScreen.storyboard */; };
		B8CD4EF7203262100033D27E /* parsetagramTests.swift in Sources */ = {isa = PBXBuildFile; fileRef = B8CD4EF6203262100033D27E /* parsetagramTests.swift */; };
		B8CD4F02203262100033D27E /* parsetagramUITests.swift in Sources */ = {isa = PBXBuildFile; fileRef = B8CD4F01203262100033D27E /* parsetagramUITests.swift */; };
		B8D9E22420811A48008AA99B /* HomeFeedViewController.swift in Sources */ = {isa = PBXBuildFile; fileRef = B8D9E22320811A48008AA99B /* HomeFeedViewController.swift */; };
		B8D9E22620811D25008AA99B /* FeedCell.swift in Sources */ = {isa = PBXBuildFile; fileRef = B8D9E22520811D25008AA99B /* FeedCell.swift */; };
		B8D9E2282081455B008AA99B /* ComposeViewController.swift in Sources */ = {isa = PBXBuildFile; fileRef = B8D9E2272081455B008AA99B /* ComposeViewController.swift */; };
		B8D9E22A208154C9008AA99B /* Post.swift in Sources */ = {isa = PBXBuildFile; fileRef = B8D9E229208154C9008AA99B /* Post.swift */; };
		D727FC663DD654632CF93858 /* Pods_parsetagramTests.framework in Frameworks */ = {isa = PBXBuildFile; fileRef = 91365CE6C949F7D4C8CDE67E /* Pods_parsetagramTests.framework */; };
		EE20AC7E14F1426025E12B5A /* Pods_parsetagram.framework in Frameworks */ = {isa = PBXBuildFile; fileRef = 6E649F0DB5512F8E22A1D65F /* Pods_parsetagram.framework */; };
/* End PBXBuildFile section */

/* Begin PBXContainerItemProxy section */
		B8CD4EF3203262100033D27E /* PBXContainerItemProxy */ = {
			isa = PBXContainerItemProxy;
			containerPortal = B8CD4ED62032620F0033D27E /* Project object */;
			proxyType = 1;
			remoteGlobalIDString = B8CD4EDD2032620F0033D27E;
			remoteInfo = parsetagram;
		};
		B8CD4EFE203262100033D27E /* PBXContainerItemProxy */ = {
			isa = PBXContainerItemProxy;
			containerPortal = B8CD4ED62032620F0033D27E /* Project object */;
			proxyType = 1;
			remoteGlobalIDString = B8CD4EDD2032620F0033D27E;
			remoteInfo = parsetagram;
		};
/* End PBXContainerItemProxy section */

/* Begin PBXFileReference section */
		077A56F9DEF1C5DAA5A1698E /* Pods-parsetagramTests.release.xcconfig */ = {isa = PBXFileReference; includeInIndex = 1; lastKnownFileType = text.xcconfig; name = "Pods-parsetagramTests.release.xcconfig"; path = "Pods/Target Support Files/Pods-parsetagramTests/Pods-parsetagramTests.release.xcconfig"; sourceTree = "<group>"; };
		41E4173CFB1E05409A34E729 /* Pods-parsetagram.release.xcconfig */ = {isa = PBXFileReference; includeInIndex = 1; lastKnownFileType = text.xcconfig; name = "Pods-parsetagram.release.xcconfig"; path = "Pods/Target Support Files/Pods-parsetagram/Pods-parsetagram.release.xcconfig"; sourceTree = "<group>"; };
		48C1C0074C316DE3EF3A0B9B /* Pods-parsetagramUITests.release.xcconfig */ = {isa = PBXFileReference; includeInIndex = 1; lastKnownFileType = text.xcconfig; name = "Pods-parsetagramUITests.release.xcconfig"; path = "Pods/Target Support Files/Pods-parsetagramUITests/Pods-parsetagramUITests.release.xcconfig"; sourceTree = "<group>"; };
		595C7EE0AFFB3BBEB30953CE /* Pods_parsetagramUITests.framework */ = {isa = PBXFileReference; explicitFileType = wrapper.framework; includeInIndex = 0; path = Pods_parsetagramUITests.framework; sourceTree = BUILT_PRODUCTS_DIR; };
		62440F50C40636206128DEAD /* Pods-parsetagramUITests.debug.xcconfig */ = {isa = PBXFileReference; includeInIndex = 1; lastKnownFileType = text.xcconfig; name = "Pods-parsetagramUITests.debug.xcconfig"; path = "Pods/Target Support Files/Pods-parsetagramUITests/Pods-parsetagramUITests.debug.xcconfig"; sourceTree = "<group>"; };
		6E649F0DB5512F8E22A1D65F /* Pods_parsetagram.framework */ = {isa = PBXFileReference; explicitFileType = wrapper.framework; includeInIndex = 0; path = Pods_parsetagram.framework; sourceTree = BUILT_PRODUCTS_DIR; };
		7610C1F68DADD5AF1F031EA7 /* Pods-parsetagramTests.debug.xcconfig */ = {isa = PBXFileReference; includeInIndex = 1; lastKnownFileType = text.xcconfig; name = "Pods-parsetagramTests.debug.xcconfig"; path = "Pods/Target Support Files/Pods-parsetagramTests/Pods-parsetagramTests.debug.xcconfig"; sourceTree = "<group>"; };
		91365CE6C949F7D4C8CDE67E /* Pods_parsetagramTests.framework */ = {isa = PBXFileReference; explicitFileType = wrapper.framework; includeInIndex = 0; path = Pods_parsetagramTests.framework; sourceTree = BUILT_PRODUCTS_DIR; };
		B808D5AD203D220500E8B485 /* LoginViewController.swift */ = {isa = PBXFileReference; lastKnownFileType = sourcecode.swift; path = LoginViewController.swift; sourceTree = "<group>"; };
		B882507E2084198900D8CA57 /* DetailsViewController.swift */ = {isa = PBXFileReference; lastKnownFileType = sourcecode.swift; path = DetailsViewController.swift; sourceTree = "<group>"; };
		B8CD4EDE2032620F0033D27E /* parsetagram.app */ = {isa = PBXFileReference; explicitFileType = wrapper.application; includeInIndex = 0; path = parsetagram.app; sourceTree = BUILT_PRODUCTS_DIR; };
		B8CD4EE12032620F0033D27E /* AppDelegate.swift */ = {isa = PBXFileReference; lastKnownFileType = sourcecode.swift; path = AppDelegate.swift; sourceTree = "<group>"; };
		B8CD4EE62032620F0033D27E /* Base */ = {isa = PBXFileReference; lastKnownFileType = file.storyboard; name = Base; path = Base.lproj/Main.storyboard; sourceTree = "<group>"; };
		B8CD4EE82032620F0033D27E /* Assets.xcassets */ = {isa = PBXFileReference; lastKnownFileType = folder.assetcatalog; path = Assets.xcassets; sourceTree = "<group>"; };
		B8CD4EEB2032620F0033D27E /* Base */ = {isa = PBXFileReference; lastKnownFileType = file.storyboard; name = Base; path = Base.lproj/LaunchScreen.storyboard; sourceTree = "<group>"; };
		B8CD4EED2032620F0033D27E /* Info.plist */ = {isa = PBXFileReference; lastKnownFileType = text.plist.xml; path = Info.plist; sourceTree = "<group>"; };
		B8CD4EF2203262100033D27E /* parsetagramTests.xctest */ = {isa = PBXFileReference; explicitFileType = wrapper.cfbundle; includeInIndex = 0; path = parsetagramTests.xctest; sourceTree = BUILT_PRODUCTS_DIR; };
		B8CD4EF6203262100033D27E /* parsetagramTests.swift */ = {isa = PBXFileReference; lastKnownFileType = sourcecode.swift; path = parsetagramTests.swift; sourceTree = "<group>"; };
		B8CD4EF8203262100033D27E /* Info.plist */ = {isa = PBXFileReference; lastKnownFileType = text.plist.xml; path = Info.plist; sourceTree = "<group>"; };
		B8CD4EFD203262100033D27E /* parsetagramUITests.xctest */ = {isa = PBXFileReference; explicitFileType = wrapper.cfbundle; includeInIndex = 0; path = parsetagramUITests.xctest; sourceTree = BUILT_PRODUCTS_DIR; };
		B8CD4F01203262100033D27E /* parsetagramUITests.swift */ = {isa = PBXFileReference; lastKnownFileType = sourcecode.swift; path = parsetagramUITests.swift; sourceTree = "<group>"; };
		B8CD4F03203262100033D27E /* Info.plist */ = {isa = PBXFileReference; lastKnownFileType = text.plist.xml; path = Info.plist; sourceTree = "<group>"; };
		B8D9E22320811A48008AA99B /* HomeFeedViewController.swift */ = {isa = PBXFileReference; lastKnownFileType = sourcecode.swift; path = HomeFeedViewController.swift; sourceTree = "<group>"; };
		B8D9E22520811D25008AA99B /* FeedCell.swift */ = {isa = PBXFileReference; lastKnownFileType = sourcecode.swift; path = FeedCell.swift; sourceTree = "<group>"; };
		B8D9E2272081455B008AA99B /* ComposeViewController.swift */ = {isa = PBXFileReference; lastKnownFileType = sourcecode.swift; path = ComposeViewController.swift; sourceTree = "<group>"; };
		B8D9E229208154C9008AA99B /* Post.swift */ = {isa = PBXFileReference; lastKnownFileType = sourcecode.swift; path = Post.swift; sourceTree = "<group>"; };
		D989E192B69AF0B5B8D21B28 /* Pods-parsetagram.debug.xcconfig */ = {isa = PBXFileReference; includeInIndex = 1; lastKnownFileType = text.xcconfig; name = "Pods-parsetagram.debug.xcconfig"; path = "Pods/Target Support Files/Pods-parsetagram/Pods-parsetagram.debug.xcconfig"; sourceTree = "<group>"; };
/* End PBXFileReference section */

/* Begin PBXFrameworksBuildPhase section */
		B8CD4EDB2032620F0033D27E /* Frameworks */ = {
			isa = PBXFrameworksBuildPhase;
			buildActionMask = 2147483647;
			files = (
				EE20AC7E14F1426025E12B5A /* Pods_parsetagram.framework in Frameworks */,
			);
			runOnlyForDeploymentPostprocessing = 0;
		};
		B8CD4EEF203262100033D27E /* Frameworks */ = {
			isa = PBXFrameworksBuildPhase;
			buildActionMask = 2147483647;
			files = (
				D727FC663DD654632CF93858 /* Pods_parsetagramTests.framework in Frameworks */,
			);
			runOnlyForDeploymentPostprocessing = 0;
		};
		B8CD4EFA203262100033D27E /* Frameworks */ = {
			isa = PBXFrameworksBuildPhase;
			buildActionMask = 2147483647;
			files = (
				794744CFEBE6FC0F446A43AB /* Pods_parsetagramUITests.framework in Frameworks */,
			);
			runOnlyForDeploymentPostprocessing = 0;
		};
/* End PBXFrameworksBuildPhase section */

/* Begin PBXGroup section */
		16A3FE80E83A4F50DF566434 /* Frameworks */ = {
			isa = PBXGroup;
			children = (
				6E649F0DB5512F8E22A1D65F /* Pods_parsetagram.framework */,
				91365CE6C949F7D4C8CDE67E /* Pods_parsetagramTests.framework */,
				595C7EE0AFFB3BBEB30953CE /* Pods_parsetagramUITests.framework */,
			);
			name = Frameworks;
			sourceTree = "<group>";
		};
		B8CD4ED52032620F0033D27E = {
			isa = PBXGroup;
			children = (
				B8CD4EE02032620F0033D27E /* parsetagram */,
				B8CD4EF5203262100033D27E /* parsetagramTests */,
				B8CD4F00203262100033D27E /* parsetagramUITests */,
				B8CD4EDF2032620F0033D27E /* Products */,
				BBCE643A5F978193832C8720 /* Pods */,
				16A3FE80E83A4F50DF566434 /* Frameworks */,
			);
			sourceTree = "<group>";
		};
		B8CD4EDF2032620F0033D27E /* Products */ = {
			isa = PBXGroup;
			children = (
				B8CD4EDE2032620F0033D27E /* parsetagram.app */,
				B8CD4EF2203262100033D27E /* parsetagramTests.xctest */,
				B8CD4EFD203262100033D27E /* parsetagramUITests.xctest */,
			);
			name = Products;
			sourceTree = "<group>";
		};
		B8CD4EE02032620F0033D27E /* parsetagram */ = {
			isa = PBXGroup;
			children = (
				B8CD4EE12032620F0033D27E /* AppDelegate.swift */,
				B8CD4EE52032620F0033D27E /* Main.storyboard */,
				B808D5AD203D220500E8B485 /* LoginViewController.swift */,
				B8CD4EE82032620F0033D27E /* Assets.xcassets */,
				B8CD4EEA2032620F0033D27E /* LaunchScreen.storyboard */,
				B8CD4EED2032620F0033D27E /* Info.plist */,
				B8D9E22320811A48008AA99B /* HomeFeedViewController.swift */,
				B8D9E22520811D25008AA99B /* FeedCell.swift */,
				B8D9E2272081455B008AA99B /* ComposeViewController.swift */,
				B8D9E229208154C9008AA99B /* Post.swift */,
				B882507E2084198900D8CA57 /* DetailsViewController.swift */,
			);
			path = parsetagram;
			sourceTree = "<group>";
		};
		B8CD4EF5203262100033D27E /* parsetagramTests */ = {
			isa = PBXGroup;
			children = (
				B8CD4EF6203262100033D27E /* parsetagramTests.swift */,
				B8CD4EF8203262100033D27E /* Info.plist */,
			);
			path = parsetagramTests;
			sourceTree = "<group>";
		};
		B8CD4F00203262100033D27E /* parsetagramUITests */ = {
			isa = PBXGroup;
			children = (
				B8CD4F01203262100033D27E /* parsetagramUITests.swift */,
				B8CD4F03203262100033D27E /* Info.plist */,
			);
			path = parsetagramUITests;
			sourceTree = "<group>";
		};
		BBCE643A5F978193832C8720 /* Pods */ = {
			isa = PBXGroup;
			children = (
				D989E192B69AF0B5B8D21B28 /* Pods-parsetagram.debug.xcconfig */,
				41E4173CFB1E05409A34E729 /* Pods-parsetagram.release.xcconfig */,
				7610C1F68DADD5AF1F031EA7 /* Pods-parsetagramTests.debug.xcconfig */,
				077A56F9DEF1C5DAA5A1698E /* Pods-parsetagramTests.release.xcconfig */,
				62440F50C40636206128DEAD /* Pods-parsetagramUITests.debug.xcconfig */,
				48C1C0074C316DE3EF3A0B9B /* Pods-parsetagramUITests.release.xcconfig */,
			);
			name = Pods;
			sourceTree = "<group>";
		};
/* End PBXGroup section */

/* Begin PBXNativeTarget section */
		B8CD4EDD2032620F0033D27E /* parsetagram */ = {
			isa = PBXNativeTarget;
			buildConfigurationList = B8CD4F06203262100033D27E /* Build configuration list for PBXNativeTarget "parsetagram" */;
			buildPhases = (
				32D6D0AD552DAFE4D1BA88B0 /* [CP] Check Pods Manifest.lock */,
				B8CD4EDA2032620F0033D27E /* Sources */,
				B8CD4EDB2032620F0033D27E /* Frameworks */,
				B8CD4EDC2032620F0033D27E /* Resources */,
				FC55708FC6FF756D7AE1F28D /* [CP] Embed Pods Frameworks */,
				8BB9AA23A255D683A637A068 /* [CP] Copy Pods Resources */,
			);
			buildRules = (
			);
			dependencies = (
			);
			name = parsetagram;
			productName = parsetagram;
			productReference = B8CD4EDE2032620F0033D27E /* parsetagram.app */;
			productType = "com.apple.product-type.application";
		};
		B8CD4EF1203262100033D27E /* parsetagramTests */ = {
			isa = PBXNativeTarget;
			buildConfigurationList = B8CD4F09203262100033D27E /* Build configuration list for PBXNativeTarget "parsetagramTests" */;
			buildPhases = (
				5F65ADB29EDFFE5E42F4BFFF /* [CP] Check Pods Manifest.lock */,
				B8CD4EEE203262100033D27E /* Sources */,
				B8CD4EEF203262100033D27E /* Frameworks */,
				B8CD4EF0203262100033D27E /* Resources */,
				708269A7717C727CC6661318 /* [CP] Embed Pods Frameworks */,
				8EE64ACC9E0B8B41482726C8 /* [CP] Copy Pods Resources */,
			);
			buildRules = (
			);
			dependencies = (
				B8CD4EF4203262100033D27E /* PBXTargetDependency */,
			);
			name = parsetagramTests;
			productName = parsetagramTests;
			productReference = B8CD4EF2203262100033D27E /* parsetagramTests.xctest */;
			productType = "com.apple.product-type.bundle.unit-test";
		};
		B8CD4EFC203262100033D27E /* parsetagramUITests */ = {
			isa = PBXNativeTarget;
			buildConfigurationList = B8CD4F0C203262100033D27E /* Build configuration list for PBXNativeTarget "parsetagramUITests" */;
			buildPhases = (
				1081C45AE1A7509319F470EA /* [CP] Check Pods Manifest.lock */,
				B8CD4EF9203262100033D27E /* Sources */,
				B8CD4EFA203262100033D27E /* Frameworks */,
				B8CD4EFB203262100033D27E /* Resources */,
				06E3FDAE066BAC7E0596CFFC /* [CP] Embed Pods Frameworks */,
				4355CB994A6EAB2BC44715C5 /* [CP] Copy Pods Resources */,
			);
			buildRules = (
			);
			dependencies = (
				B8CD4EFF203262100033D27E /* PBXTargetDependency */,
			);
			name = parsetagramUITests;
			productName = parsetagramUITests;
			productReference = B8CD4EFD203262100033D27E /* parsetagramUITests.xctest */;
			productType = "com.apple.product-type.bundle.ui-testing";
		};
/* End PBXNativeTarget section */

/* Begin PBXProject section */
		B8CD4ED62032620F0033D27E /* Project object */ = {
			isa = PBXProject;
			attributes = {
				LastSwiftUpdateCheck = 0920;
				LastUpgradeCheck = 0920;
				ORGANIZATIONNAME = EricKim;
				TargetAttributes = {
					B8CD4EDD2032620F0033D27E = {
						CreatedOnToolsVersion = 9.2;
						ProvisioningStyle = Automatic;
					};
					B8CD4EF1203262100033D27E = {
						CreatedOnToolsVersion = 9.2;
						ProvisioningStyle = Automatic;
						TestTargetID = B8CD4EDD2032620F0033D27E;
					};
					B8CD4EFC203262100033D27E = {
						CreatedOnToolsVersion = 9.2;
						ProvisioningStyle = Automatic;
						TestTargetID = B8CD4EDD2032620F0033D27E;
					};
				};
			};
			buildConfigurationList = B8CD4ED92032620F0033D27E /* Build configuration list for PBXProject "parsetagram" */;
			compatibilityVersion = "Xcode 8.0";
			developmentRegion = en;
			hasScannedForEncodings = 0;
			knownRegions = (
				en,
				Base,
			);
			mainGroup = B8CD4ED52032620F0033D27E;
			productRefGroup = B8CD4EDF2032620F0033D27E /* Products */;
			projectDirPath = "";
			projectRoot = "";
			targets = (
				B8CD4EDD2032620F0033D27E /* parsetagram */,
				B8CD4EF1203262100033D27E /* parsetagramTests */,
				B8CD4EFC203262100033D27E /* parsetagramUITests */,
			);
		};
/* End PBXProject section */

/* Begin PBXResourcesBuildPhase section */
		B8CD4EDC2032620F0033D27E /* Resources */ = {
			isa = PBXResourcesBuildPhase;
			buildActionMask = 2147483647;
			files = (
				B8CD4EEC2032620F0033D27E /* LaunchScreen.storyboard in Resources */,
				B8CD4EE92032620F0033D27E /* Assets.xcassets in Resources */,
				B8CD4EE72032620F0033D27E /* Main.storyboard in Resources */,
			);
			runOnlyForDeploymentPostprocessing = 0;
		};
		B8CD4EF0203262100033D27E /* Resources */ = {
			isa = PBXResourcesBuildPhase;
			buildActionMask = 2147483647;
			files = (
			);
			runOnlyForDeploymentPostprocessing = 0;
		};
		B8CD4EFB203262100033D27E /* Resources */ = {
			isa = PBXResourcesBuildPhase;
			buildActionMask = 2147483647;
			files = (
			);
			runOnlyForDeploymentPostprocessing = 0;
		};
/* End PBXResourcesBuildPhase section */

/* Begin PBXShellScriptBuildPhase section */
		06E3FDAE066BAC7E0596CFFC /* [CP] Embed Pods Frameworks */ = {
			isa = PBXShellScriptBuildPhase;
			buildActionMask = 2147483647;
			files = (
			);
			inputPaths = (
			);
			name = "[CP] Embed Pods Frameworks";
			outputPaths = (
			);
			runOnlyForDeploymentPostprocessing = 0;
			shellPath = /bin/sh;
			shellScript = "\"${SRCROOT}/Pods/Target Support Files/Pods-parsetagramUITests/Pods-parsetagramUITests-frameworks.sh\"\n";
			showEnvVarsInLog = 0;
		};
		1081C45AE1A7509319F470EA /* [CP] Check Pods Manifest.lock */ = {
			isa = PBXShellScriptBuildPhase;
			buildActionMask = 2147483647;
			files = (
			);
			inputPaths = (
				"${PODS_PODFILE_DIR_PATH}/Podfile.lock",
				"${PODS_ROOT}/Manifest.lock",
			);
			name = "[CP] Check Pods Manifest.lock";
			outputPaths = (
				"$(DERIVED_FILE_DIR)/Pods-parsetagramUITests-checkManifestLockResult.txt",
			);
			runOnlyForDeploymentPostprocessing = 0;
			shellPath = /bin/sh;
			shellScript = "diff \"${PODS_PODFILE_DIR_PATH}/Podfile.lock\" \"${PODS_ROOT}/Manifest.lock\" > /dev/null\nif [ $? != 0 ] ; then\n    # print error to STDERR\n    echo \"error: The sandbox is not in sync with the Podfile.lock. Run 'pod install' or update your CocoaPods installation.\" >&2\n    exit 1\nfi\n# This output is used by Xcode 'outputs' to avoid re-running this script phase.\necho \"SUCCESS\" > \"${SCRIPT_OUTPUT_FILE_0}\"\n";
			showEnvVarsInLog = 0;
		};
		32D6D0AD552DAFE4D1BA88B0 /* [CP] Check Pods Manifest.lock */ = {
			isa = PBXShellScriptBuildPhase;
			buildActionMask = 2147483647;
			files = (
			);
			inputPaths = (
				"${PODS_PODFILE_DIR_PATH}/Podfile.lock",
				"${PODS_ROOT}/Manifest.lock",
			);
			name = "[CP] Check Pods Manifest.lock";
			outputPaths = (
				"$(DERIVED_FILE_DIR)/Pods-parsetagram-checkManifestLockResult.txt",
			);
			runOnlyForDeploymentPostprocessing = 0;
			shellPath = /bin/sh;
			shellScript = "diff \"${PODS_PODFILE_DIR_PATH}/Podfile.lock\" \"${PODS_ROOT}/Manifest.lock\" > /dev/null\nif [ $? != 0 ] ; then\n    # print error to STDERR\n    echo \"error: The sandbox is not in sync with the Podfile.lock. Run 'pod install' or update your CocoaPods installation.\" >&2\n    exit 1\nfi\n# This output is used by Xcode 'outputs' to avoid re-running this script phase.\necho \"SUCCESS\" > \"${SCRIPT_OUTPUT_FILE_0}\"\n";
			showEnvVarsInLog = 0;
		};
		4355CB994A6EAB2BC44715C5 /* [CP] Copy Pods Resources */ = {
			isa = PBXShellScriptBuildPhase;
			buildActionMask = 2147483647;
			files = (
			);
			inputPaths = (
			);
			name = "[CP] Copy Pods Resources";
			outputPaths = (
			);
			runOnlyForDeploymentPostprocessing = 0;
			shellPath = /bin/sh;
			shellScript = "\"${SRCROOT}/Pods/Target Support Files/Pods-parsetagramUITests/Pods-parsetagramUITests-resources.sh\"\n";
			showEnvVarsInLog = 0;
		};
		5F65ADB29EDFFE5E42F4BFFF /* [CP] Check Pods Manifest.lock */ = {
			isa = PBXShellScriptBuildPhase;
			buildActionMask = 2147483647;
			files = (
			);
			inputPaths = (
				"${PODS_PODFILE_DIR_PATH}/Podfile.lock",
				"${PODS_ROOT}/Manifest.lock",
			);
			name = "[CP] Check Pods Manifest.lock";
			outputPaths = (
				"$(DERIVED_FILE_DIR)/Pods-parsetagramTests-checkManifestLockResult.txt",
			);
			runOnlyForDeploymentPostprocessing = 0;
			shellPath = /bin/sh;
			shellScript = "diff \"${PODS_PODFILE_DIR_PATH}/Podfile.lock\" \"${PODS_ROOT}/Manifest.lock\" > /dev/null\nif [ $? != 0 ] ; then\n    # print error to STDERR\n    echo \"error: The sandbox is not in sync with the Podfile.lock. Run 'pod install' or update your CocoaPods installation.\" >&2\n    exit 1\nfi\n# This output is used by Xcode 'outputs' to avoid re-running this script phase.\necho \"SUCCESS\" > \"${SCRIPT_OUTPUT_FILE_0}\"\n";
			showEnvVarsInLog = 0;
		};
		708269A7717C727CC6661318 /* [CP] Embed Pods Frameworks */ = {
			isa = PBXShellScriptBuildPhase;
			buildActionMask = 2147483647;
			files = (
			);
			inputPaths = (
			);
			name = "[CP] Embed Pods Frameworks";
			outputPaths = (
			);
			runOnlyForDeploymentPostprocessing = 0;
			shellPath = /bin/sh;
			shellScript = "\"${SRCROOT}/Pods/Target Support Files/Pods-parsetagramTests/Pods-parsetagramTests-frameworks.sh\"\n";
			showEnvVarsInLog = 0;
		};
		8BB9AA23A255D683A637A068 /* [CP] Copy Pods Resources */ = {
			isa = PBXShellScriptBuildPhase;
			buildActionMask = 2147483647;
			files = (
			);
			inputPaths = (
			);
			name = "[CP] Copy Pods Resources";
			outputPaths = (
			);
			runOnlyForDeploymentPostprocessing = 0;
			shellPath = /bin/sh;
			shellScript = "\"${SRCROOT}/Pods/Target Support Files/Pods-parsetagram/Pods-parsetagram-resources.sh\"\n";
			showEnvVarsInLog = 0;
		};
		8EE64ACC9E0B8B41482726C8 /* [CP] Copy Pods Resources */ = {
			isa = PBXShellScriptBuildPhase;
			buildActionMask = 2147483647;
			files = (
			);
			inputPaths = (
			);
			name = "[CP] Copy Pods Resources";
			outputPaths = (
			);
			runOnlyForDeploymentPostprocessing = 0;
			shellPath = /bin/sh;
			shellScript = "\"${SRCROOT}/Pods/Target Support Files/Pods-parsetagramTests/Pods-parsetagramTests-resources.sh\"\n";
			showEnvVarsInLog = 0;
		};
		FC55708FC6FF756D7AE1F28D /* [CP] Embed Pods Frameworks */ = {
			isa = PBXShellScriptBuildPhase;
			buildActionMask = 2147483647;
			files = (
			);
			inputPaths = (
				"${SRCROOT}/Pods/Target Support Files/Pods-parsetagram/Pods-parsetagram-frameworks.sh",
				"${BUILT_PRODUCTS_DIR}/Bolts/Bolts.framework",
				"${BUILT_PRODUCTS_DIR}/Parse/Parse.framework",
				"${BUILT_PRODUCTS_DIR}/ParseUI/ParseUI.framework",
			);
			name = "[CP] Embed Pods Frameworks";
			outputPaths = (
				"${TARGET_BUILD_DIR}/${FRAMEWORKS_FOLDER_PATH}/Bolts.framework",
				"${TARGET_BUILD_DIR}/${FRAMEWORKS_FOLDER_PATH}/Parse.framework",
				"${TARGET_BUILD_DIR}/${FRAMEWORKS_FOLDER_PATH}/ParseUI.framework",
			);
			runOnlyForDeploymentPostprocessing = 0;
			shellPath = /bin/sh;
			shellScript = "\"${SRCROOT}/Pods/Target Support Files/Pods-parsetagram/Pods-parsetagram-frameworks.sh\"\n";
			showEnvVarsInLog = 0;
		};
/* End PBXShellScriptBuildPhase section */

/* Begin PBXSourcesBuildPhase section */
		B8CD4EDA2032620F0033D27E /* Sources */ = {
			isa = PBXSourcesBuildPhase;
			buildActionMask = 2147483647;
			files = (
				B8D9E2282081455B008AA99B /* ComposeViewController.swift in Sources */,
				B808D5AE203D220500E8B485 /* LoginViewController.swift in Sources */,
				B8D9E22620811D25008AA99B /* FeedCell.swift in Sources */,
				B8D9E22A208154C9008AA99B /* Post.swift in Sources */,
				B882507F2084198900D8CA57 /* DetailsViewController.swift in Sources */,
				B8CD4EE22032620F0033D27E /* AppDelegate.swift in Sources */,
				B8D9E22420811A48008AA99B /* HomeFeedViewController.swift in Sources */,
			);
			runOnlyForDeploymentPostprocessing = 0;
		};
		B8CD4EEE203262100033D27E /* Sources */ = {
			isa = PBXSourcesBuildPhase;
			buildActionMask = 2147483647;
			files = (
				B8CD4EF7203262100033D27E /* parsetagramTests.swift in Sources */,
			);
			runOnlyForDeploymentPostprocessing = 0;
		};
		B8CD4EF9203262100033D27E /* Sources */ = {
			isa = PBXSourcesBuildPhase;
			buildActionMask = 2147483647;
			files = (
				B8CD4F02203262100033D27E /* parsetagramUITests.swift in Sources */,
			);
			runOnlyForDeploymentPostprocessing = 0;
		};
/* End PBXSourcesBuildPhase section */

/* Begin PBXTargetDependency section */
		B8CD4EF4203262100033D27E /* PBXTargetDependency */ = {
			isa = PBXTargetDependency;
			target = B8CD4EDD2032620F0033D27E /* parsetagram */;
			targetProxy = B8CD4EF3203262100033D27E /* PBXContainerItemProxy */;
		};
		B8CD4EFF203262100033D27E /* PBXTargetDependency */ = {
			isa = PBXTargetDependency;
			target = B8CD4EDD2032620F0033D27E /* parsetagram */;
			targetProxy = B8CD4EFE203262100033D27E /* PBXContainerItemProxy */;
		};
/* End PBXTargetDependency section */

/* Begin PBXVariantGroup section */
		B8CD4EE52032620F0033D27E /* Main.storyboard */ = {
			isa = PBXVariantGroup;
			children = (
				B8CD4EE62032620F0033D27E /* Base */,
			);
			name = Main.storyboard;
			sourceTree = "<group>";
		};
		B8CD4EEA2032620F0033D27E /* LaunchScreen.storyboard */ = {
			isa = PBXVariantGroup;
			children = (
				B8CD4EEB2032620F0033D27E /* Base */,
			);
			name = LaunchScreen.storyboard;
			sourceTree = "<group>";
		};
/* End PBXVariantGroup section */

/* Begin XCBuildConfiguration section */
		B8CD4F04203262100033D27E /* Debug */ = {
			isa = XCBuildConfiguration;
			buildSettings = {
				ALWAYS_SEARCH_USER_PATHS = NO;
				CLANG_ANALYZER_NONNULL = YES;
				CLANG_ANALYZER_NUMBER_OBJECT_CONVERSION = YES_AGGRESSIVE;
				CLANG_CXX_LANGUAGE_STANDARD = "gnu++14";
				CLANG_CXX_LIBRARY = "libc++";
				CLANG_ENABLE_MODULES = YES;
				CLANG_ENABLE_OBJC_ARC = YES;
				CLANG_WARN_BLOCK_CAPTURE_AUTORELEASING = YES;
				CLANG_WARN_BOOL_CONVERSION = YES;
				CLANG_WARN_COMMA = YES;
				CLANG_WARN_CONSTANT_CONVERSION = YES;
				CLANG_WARN_DIRECT_OBJC_ISA_USAGE = YES_ERROR;
				CLANG_WARN_DOCUMENTATION_COMMENTS = YES;
				CLANG_WARN_EMPTY_BODY = YES;
				CLANG_WARN_ENUM_CONVERSION = YES;
				CLANG_WARN_INFINITE_RECURSION = YES;
				CLANG_WARN_INT_CONVERSION = YES;
				CLANG_WARN_NON_LITERAL_NULL_CONVERSION = YES;
				CLANG_WARN_OBJC_LITERAL_CONVERSION = YES;
				CLANG_WARN_OBJC_ROOT_CLASS = YES_ERROR;
				CLANG_WARN_RANGE_LOOP_ANALYSIS = YES;
				CLANG_WARN_STRICT_PROTOTYPES = YES;
				CLANG_WARN_SUSPICIOUS_MOVE = YES;
				CLANG_WARN_UNGUARDED_AVAILABILITY = YES_AGGRESSIVE;
				CLANG_WARN_UNREACHABLE_CODE = YES;
				CLANG_WARN__DUPLICATE_METHOD_MATCH = YES;
				CODE_SIGN_IDENTITY = "iPhone Developer";
				COPY_PHASE_STRIP = NO;
				DEBUG_INFORMATION_FORMAT = dwarf;
				ENABLE_STRICT_OBJC_MSGSEND = YES;
				ENABLE_TESTABILITY = YES;
				GCC_C_LANGUAGE_STANDARD = gnu11;
				GCC_DYNAMIC_NO_PIC = NO;
				GCC_NO_COMMON_BLOCKS = YES;
				GCC_OPTIMIZATION_LEVEL = 0;
				GCC_PREPROCESSOR_DEFINITIONS = (
					"DEBUG=1",
					"$(inherited)",
				);
				GCC_WARN_64_TO_32_BIT_CONVERSION = YES;
				GCC_WARN_ABOUT_RETURN_TYPE = YES_ERROR;
				GCC_WARN_UNDECLARED_SELECTOR = YES;
				GCC_WARN_UNINITIALIZED_AUTOS = YES_AGGRESSIVE;
				GCC_WARN_UNUSED_FUNCTION = YES;
				GCC_WARN_UNUSED_VARIABLE = YES;
				IPHONEOS_DEPLOYMENT_TARGET = 11.2;
				MTL_ENABLE_DEBUG_INFO = YES;
				ONLY_ACTIVE_ARCH = YES;
				SDKROOT = iphoneos;
				SWIFT_ACTIVE_COMPILATION_CONDITIONS = DEBUG;
				SWIFT_OPTIMIZATION_LEVEL = "-Onone";
			};
			name = Debug;
		};
		B8CD4F05203262100033D27E /* Release */ = {
			isa = XCBuildConfiguration;
			buildSettings = {
				ALWAYS_SEARCH_USER_PATHS = NO;
				CLANG_ANALYZER_NONNULL = YES;
				CLANG_ANALYZER_NUMBER_OBJECT_CONVERSION = YES_AGGRESSIVE;
				CLANG_CXX_LANGUAGE_STANDARD = "gnu++14";
				CLANG_CXX_LIBRARY = "libc++";
				CLANG_ENABLE_MODULES = YES;
				CLANG_ENABLE_OBJC_ARC = YES;
				CLANG_WARN_BLOCK_CAPTURE_AUTORELEASING = YES;
				CLANG_WARN_BOOL_CONVERSION = YES;
				CLANG_WARN_COMMA = YES;
				CLANG_WARN_CONSTANT_CONVERSION = YES;
				CLANG_WARN_DIRECT_OBJC_ISA_USAGE = YES_ERROR;
				CLANG_WARN_DOCUMENTATION_COMMENTS = YES;
				CLANG_WARN_EMPTY_BODY = YES;
				CLANG_WARN_ENUM_CONVERSION = YES;
				CLANG_WARN_INFINITE_RECURSION = YES;
				CLANG_WARN_INT_CONVERSION = YES;
				CLANG_WARN_NON_LITERAL_NULL_CONVERSION = YES;
				CLANG_WARN_OBJC_LITERAL_CONVERSION = YES;
				CLANG_WARN_OBJC_ROOT_CLASS = YES_ERROR;
				CLANG_WARN_RANGE_LOOP_ANALYSIS = YES;
				CLANG_WARN_STRICT_PROTOTYPES = YES;
				CLANG_WARN_SUSPICIOUS_MOVE = YES;
				CLANG_WARN_UNGUARDED_AVAILABILITY = YES_AGGRESSIVE;
				CLANG_WARN_UNREACHABLE_CODE = YES;
				CLANG_WARN__DUPLICATE_METHOD_MATCH = YES;
				CODE_SIGN_IDENTITY = "iPhone Developer";
				COPY_PHASE_STRIP = NO;
				DEBUG_INFORMATION_FORMAT = "dwarf-with-dsym";
				ENABLE_NS_ASSERTIONS = NO;
				ENABLE_STRICT_OBJC_MSGSEND = YES;
				GCC_C_LANGUAGE_STANDARD = gnu11;
				GCC_NO_COMMON_BLOCKS = YES;
				GCC_WARN_64_TO_32_BIT_CONVERSION = YES;
				GCC_WARN_ABOUT_RETURN_TYPE = YES_ERROR;
				GCC_WARN_UNDECLARED_SELECTOR = YES;
				GCC_WARN_UNINITIALIZED_AUTOS = YES_AGGRESSIVE;
				GCC_WARN_UNUSED_FUNCTION = YES;
				GCC_WARN_UNUSED_VARIABLE = YES;
				IPHONEOS_DEPLOYMENT_TARGET = 11.2;
				MTL_ENABLE_DEBUG_INFO = NO;
				SDKROOT = iphoneos;
				SWIFT_OPTIMIZATION_LEVEL = "-Owholemodule";
				VALIDATE_PRODUCT = YES;
			};
			name = Release;
		};
		B8CD4F07203262100033D27E /* Debug */ = {
			isa = XCBuildConfiguration;
			baseConfigurationReference = D989E192B69AF0B5B8D21B28 /* Pods-parsetagram.debug.xcconfig */;
			buildSettings = {
				ASSETCATALOG_COMPILER_APPICON_NAME = AppIcon;
				CODE_SIGN_STYLE = Automatic;
				INFOPLIST_FILE = parsetagram/Info.plist;
				LD_RUNPATH_SEARCH_PATHS = "$(inherited) @executable_path/Frameworks";
				PRODUCT_BUNDLE_IDENTIFIER = erickim.online.parsetagram;
				PRODUCT_NAME = "$(TARGET_NAME)";
				SWIFT_VERSION = 4.0;
				TARGETED_DEVICE_FAMILY = "1,2";
			};
			name = Debug;
		};
		B8CD4F08203262100033D27E /* Release */ = {
			isa = XCBuildConfiguration;
			baseConfigurationReference = 41E4173CFB1E05409A34E729 /* Pods-parsetagram.release.xcconfig */;
			buildSettings = {
				ASSETCATALOG_COMPILER_APPICON_NAME = AppIcon;
				CODE_SIGN_STYLE = Automatic;
				INFOPLIST_FILE = parsetagram/Info.plist;
				LD_RUNPATH_SEARCH_PATHS = "$(inherited) @executable_path/Frameworks";
				PRODUCT_BUNDLE_IDENTIFIER = erickim.online.parsetagram;
				PRODUCT_NAME = "$(TARGET_NAME)";
				SWIFT_VERSION = 4.0;
				TARGETED_DEVICE_FAMILY = "1,2";
			};
			name = Release;
		};
		B8CD4F0A203262100033D27E /* Debug */ = {
			isa = XCBuildConfiguration;
			baseConfigurationReference = 7610C1F68DADD5AF1F031EA7 /* Pods-parsetagramTests.debug.xcconfig */;
			buildSettings = {
				ALWAYS_EMBED_SWIFT_STANDARD_LIBRARIES = YES;
				BUNDLE_LOADER = "$(TEST_HOST)";
				CODE_SIGN_STYLE = Automatic;
				INFOPLIST_FILE = parsetagramTests/Info.plist;
				LD_RUNPATH_SEARCH_PATHS = "$(inherited) @executable_path/Frameworks @loader_path/Frameworks";
				PRODUCT_BUNDLE_IDENTIFIER = erickim.online.parsetagramTests;
				PRODUCT_NAME = "$(TARGET_NAME)";
				SWIFT_VERSION = 4.0;
				TARGETED_DEVICE_FAMILY = "1,2";
				TEST_HOST = "$(BUILT_PRODUCTS_DIR)/parsetagram.app/parsetagram";
			};
			name = Debug;
		};
		B8CD4F0B203262100033D27E /* Release */ = {
			isa = XCBuildConfiguration;
			baseConfigurationReference = 077A56F9DEF1C5DAA5A1698E /* Pods-parsetagramTests.release.xcconfig */;
			buildSettings = {
				ALWAYS_EMBED_SWIFT_STANDARD_LIBRARIES = YES;
				BUNDLE_LOADER = "$(TEST_HOST)";
				CODE_SIGN_STYLE = Automatic;
				INFOPLIST_FILE = parsetagramTests/Info.plist;
				LD_RUNPATH_SEARCH_PATHS = "$(inherited) @executable_path/Frameworks @loader_path/Frameworks";
				PRODUCT_BUNDLE_IDENTIFIER = erickim.online.parsetagramTests;
				PRODUCT_NAME = "$(TARGET_NAME)";
				SWIFT_VERSION = 4.0;
				TARGETED_DEVICE_FAMILY = "1,2";
				TEST_HOST = "$(BUILT_PRODUCTS_DIR)/parsetagram.app/parsetagram";
			};
			name = Release;
		};
		B8CD4F0D203262100033D27E /* Debug */ = {
			isa = XCBuildConfiguration;
			baseConfigurationReference = 62440F50C40636206128DEAD /* Pods-parsetagramUITests.debug.xcconfig */;
			buildSettings = {
				ALWAYS_EMBED_SWIFT_STANDARD_LIBRARIES = YES;
				CODE_SIGN_STYLE = Automatic;
				INFOPLIST_FILE = parsetagramUITests/Info.plist;
				LD_RUNPATH_SEARCH_PATHS = "$(inherited) @executable_path/Frameworks @loader_path/Frameworks";
				PRODUCT_BUNDLE_IDENTIFIER = erickim.online.parsetagramUITests;
				PRODUCT_NAME = "$(TARGET_NAME)";
				SWIFT_VERSION = 4.0;
				TARGETED_DEVICE_FAMILY = "1,2";
				TEST_TARGET_NAME = parsetagram;
			};
			name = Debug;
		};
		B8CD4F0E203262100033D27E /* Release */ = {
			isa = XCBuildConfiguration;
			baseConfigurationReference = 48C1C0074C316DE3EF3A0B9B /* Pods-parsetagramUITests.release.xcconfig */;
			buildSettings = {
				ALWAYS_EMBED_SWIFT_STANDARD_LIBRARIES = YES;
				CODE_SIGN_STYLE = Automatic;
				INFOPLIST_FILE = parsetagramUITests/Info.plist;
				LD_RUNPATH_SEARCH_PATHS = "$(inherited) @executable_path/Frameworks @loader_path/Frameworks";
				PRODUCT_BUNDLE_IDENTIFIER = erickim.online.parsetagramUITests;
				PRODUCT_NAME = "$(TARGET_NAME)";
				SWIFT_VERSION = 4.0;
				TARGETED_DEVICE_FAMILY = "1,2";
				TEST_TARGET_NAME = parsetagram;
			};
			name = Release;
		};
/* End XCBuildConfiguration section */

/* Begin XCConfigurationList section */
		B8CD4ED92032620F0033D27E /* Build configuration list for PBXProject "parsetagram" */ = {
			isa = XCConfigurationList;
			buildConfigurations = (
				B8CD4F04203262100033D27E /* Debug */,
				B8CD4F05203262100033D27E /* Release */,
			);
			defaultConfigurationIsVisible = 0;
			defaultConfigurationName = Release;
		};
		B8CD4F06203262100033D27E /* Build configuration list for PBXNativeTarget "parsetagram" */ = {
			isa = XCConfigurationList;
			buildConfigurations = (
				B8CD4F07203262100033D27E /* Debug */,
				B8CD4F08203262100033D27E /* Release */,
			);
			defaultConfigurationIsVisible = 0;
			defaultConfigurationName = Release;
		};
		B8CD4F09203262100033D27E /* Build configuration list for PBXNativeTarget "parsetagramTests" */ = {
			isa = XCConfigurationList;
			buildConfigurations = (
				B8CD4F0A203262100033D27E /* Debug */,
				B8CD4F0B203262100033D27E /* Release */,
			);
			defaultConfigurationIsVisible = 0;
			defaultConfigurationName = Release;
		};
		B8CD4F0C203262100033D27E /* Build configuration list for PBXNativeTarget "parsetagramUITests" */ = {
			isa = XCConfigurationList;
			buildConfigurations = (
				B8CD4F0D203262100033D27E /* Debug */,
				B8CD4F0E203262100033D27E /* Release */,
			);
			defaultConfigurationIsVisible = 0;
			defaultConfigurationName = Release;
		};
/* End XCConfigurationList section */
	};
	rootObject = B8CD4ED62032620F0033D27E /* Project object */;
}
